PODS:
  - AFNetworking (4.0.1):
    - AFNetworking/NSURLSession (= 4.0.1)
    - AFNetworking/Reachability (= 4.0.1)
    - AFNetworking/Security (= 4.0.1)
    - AFNetworking/Serialization (= 4.0.1)
    - AFNetworking/UIKit (= 4.0.1)
  - AFNetworking/NSURLSession (4.0.1):
    - AFNetworking/Reachability
    - AFNetworking/Security
    - AFNetworking/Serialization
  - AFNetworking/Reachability (4.0.1)
  - AFNetworking/Security (4.0.1)
  - AFNetworking/Serialization (4.0.1)
  - AFNetworking/UIKit (4.0.1):
    - AFNetworking/NSURLSession
  - devlhsFirstPod (0.0.3)

DEPENDENCIES:
  - AFNetworking (= 4.0.1)
  - devlhsFirstPod (= 0.0.3)

SPEC REPOS:
  trunk:
    - AFNetworking
    - devlhsFirstPod

SPEC CHECKSUMS:
  AFNetworking: 3bd23d814e976cd148d7d44c3ab78017b744cd58
  devlhsFirstPod: d42bab5296e7339af03f655679e10bcc60d97e80

PODFILE CHECKSUM: 7d3f8d2fc003f26376197819bbc9591f073f9f61

COCOAPODS: 1.16.2
